// !$*UTF8*$!
{
	archiveVersion = 1;
	classes = {
	};
	objectVersion = 56;
	objects = {

/* Begin PBXBuildFile section */
		C237378F2AB7075F0060641C /* AppCoordinator.swift in Sources */ = {isa = PBXBuildFile; fileRef = C237378E2AB7075F0060641C /* AppCoordinator.swift */; };
		C264D41F2AA439CF00281A2E /* CoinDetailCoordinator.swift in Sources */ = {isa = PBXBuildFile; fileRef = C264D41E2AA439CF00281A2E /* CoinDetailCoordinator.swift */; };
		C26626F42AA2B55000F4E3F2 /* Playground_SwiftUIApp.swift in Sources */ = {isa = PBXBuildFile; fileRef = C26626F32AA2B55000F4E3F2 /* Playground_SwiftUIApp.swift */; };
		C26626F62AA2B55000F4E3F2 /* CoinListingView.swift in Sources */ = {isa = PBXBuildFile; fileRef = C26626F52AA2B55000F4E3F2 /* CoinListingView.swift */; };
		C26626F82AA2B55100F4E3F2 /* Assets.xcassets in Resources */ = {isa = PBXBuildFile; fileRef = C26626F72AA2B55100F4E3F2 /* Assets.xcassets */; };
		C26626FB2AA2B55100F4E3F2 /* Preview Assets.xcassets in Resources */ = {isa = PBXBuildFile; fileRef = C26626FA2AA2B55100F4E3F2 /* Preview Assets.xcassets */; };
		C26627022AA2B56000F4E3F2 /* CoinListingViewModel.swift in Sources */ = {isa = PBXBuildFile; fileRef = C26627012AA2B56000F4E3F2 /* CoinListingViewModel.swift */; };
		C26627042AA2B58C00F4E3F2 /* StatefulViewModel.swift in Sources */ = {isa = PBXBuildFile; fileRef = C26627032AA2B58C00F4E3F2 /* StatefulViewModel.swift */; };
		C26627062AA2B5A200F4E3F2 /* CoinSocketAPIJSON.swift in Sources */ = {isa = PBXBuildFile; fileRef = C26627052AA2B5A200F4E3F2 /* CoinSocketAPIJSON.swift */; };
		C26627082AA2B61E00F4E3F2 /* BaseViewModel.swift in Sources */ = {isa = PBXBuildFile; fileRef = C26627072AA2B61E00F4E3F2 /* BaseViewModel.swift */; };
		C266270A2AA2BB4900F4E3F2 /* CoinListingRow.swift in Sources */ = {isa = PBXBuildFile; fileRef = C26627092AA2BB4900F4E3F2 /* CoinListingRow.swift */; };
		C266270E2AA2BF4000F4E3F2 /* CoinListingRowViewModel.swift in Sources */ = {isa = PBXBuildFile; fileRef = C266270D2AA2BF4000F4E3F2 /* CoinListingRowViewModel.swift */; };
		C26627102AA2D2EB00F4E3F2 /* SocketAPIClient.swift in Sources */ = {isa = PBXBuildFile; fileRef = C266270F2AA2D2EB00F4E3F2 /* SocketAPIClient.swift */; };
		C26627122AA2D30A00F4E3F2 /* APIResponse.swift in Sources */ = {isa = PBXBuildFile; fileRef = C26627112AA2D30A00F4E3F2 /* APIResponse.swift */; };
		C26627142AA2D41800F4E3F2 /* CoinStore.swift in Sources */ = {isa = PBXBuildFile; fileRef = C26627132AA2D41800F4E3F2 /* CoinStore.swift */; };
		C26627162AA2D46900F4E3F2 /* BaseStore.swift in Sources */ = {isa = PBXBuildFile; fileRef = C26627152AA2D46900F4E3F2 /* BaseStore.swift */; };
		C26627182AA2D48300F4E3F2 /* AppConstant.swift in Sources */ = {isa = PBXBuildFile; fileRef = C26627172AA2D48300F4E3F2 /* AppConstant.swift */; };
		C266271A2AA2D76C00F4E3F2 /* Coin.swift in Sources */ = {isa = PBXBuildFile; fileRef = C26627192AA2D76C00F4E3F2 /* Coin.swift */; };
		C266271C2AA2D7C000F4E3F2 /* CoinSocketAPIClient.swift in Sources */ = {isa = PBXBuildFile; fileRef = C266271B2AA2D7C000F4E3F2 /* CoinSocketAPIClient.swift */; };
		C266271E2AA2DC0700F4E3F2 /* AppError.swift in Sources */ = {isa = PBXBuildFile; fileRef = C266271D2AA2DC0700F4E3F2 /* AppError.swift */; };
		C26627202AA2E20400F4E3F2 /* SocketCommand.swift in Sources */ = {isa = PBXBuildFile; fileRef = C266271F2AA2E20400F4E3F2 /* SocketCommand.swift */; };
		C2E217312AA330CE00E69F74 /* Operation.swift in Sources */ = {isa = PBXBuildFile; fileRef = C2E217302AA330CE00E69F74 /* Operation.swift */; };
		C2E217372AA41AA400E69F74 /* MainView.swift in Sources */ = {isa = PBXBuildFile; fileRef = C2E217362AA41AA400E69F74 /* MainView.swift */; };
		C2E217392AA41AC900E69F74 /* UserFlowCoordinator.swift in Sources */ = {isa = PBXBuildFile; fileRef = C2E217382AA41AC900E69F74 /* UserFlowCoordinator.swift */; };
		C2E2173B2AA41ADF00E69F74 /* CoinListingFlowCoordinator.swift in Sources */ = {isa = PBXBuildFile; fileRef = C2E2173A2AA41ADF00E69F74 /* CoinListingFlowCoordinator.swift */; };
		C2E2173D2AA41B3400E69F74 /* BaseCoordinator.swift in Sources */ = {isa = PBXBuildFile; fileRef = C2E2173C2AA41B3400E69F74 /* BaseCoordinator.swift */; };
		C2E2173F2AA42B0100E69F74 /* CoinDetailView.swift in Sources */ = {isa = PBXBuildFile; fileRef = C2E2173E2AA42B0100E69F74 /* CoinDetailView.swift */; };
/* End PBXBuildFile section */

/* Begin PBXFileReference section */
		C237378E2AB7075F0060641C /* AppCoordinator.swift */ = {isa = PBXFileReference; lastKnownFileType = sourcecode.swift; path = AppCoordinator.swift; sourceTree = "<group>"; };
		C264D41E2AA439CF00281A2E /* CoinDetailCoordinator.swift */ = {isa = PBXFileReference; lastKnownFileType = sourcecode.swift; path = CoinDetailCoordinator.swift; sourceTree = "<group>"; };
		C26626F02AA2B55000F4E3F2 /* Playground-SwiftUI.app */ = {isa = PBXFileReference; explicitFileType = wrapper.application; includeInIndex = 0; path = "Playground-SwiftUI.app"; sourceTree = BUILT_PRODUCTS_DIR; };
		C26626F32AA2B55000F4E3F2 /* Playground_SwiftUIApp.swift */ = {isa = PBXFileReference; lastKnownFileType = sourcecode.swift; path = Playground_SwiftUIApp.swift; sourceTree = "<group>"; };
		C26626F52AA2B55000F4E3F2 /* CoinListingView.swift */ = {isa = PBXFileReference; lastKnownFileType = sourcecode.swift; path = CoinListingView.swift; sourceTree = "<group>"; };
		C26626F72AA2B55100F4E3F2 /* Assets.xcassets */ = {isa = PBXFileReference; lastKnownFileType = folder.assetcatalog; path = Assets.xcassets; sourceTree = "<group>"; };
		C26626FA2AA2B55100F4E3F2 /* Preview Assets.xcassets */ = {isa = PBXFileReference; lastKnownFileType = folder.assetcatalog; path = "Preview Assets.xcassets"; sourceTree = "<group>"; };
		C26627012AA2B56000F4E3F2 /* CoinListingViewModel.swift */ = {isa = PBXFileReference; lastKnownFileType = sourcecode.swift; path = CoinListingViewModel.swift; sourceTree = "<group>"; };
		C26627032AA2B58C00F4E3F2 /* StatefulViewModel.swift */ = {isa = PBXFileReference; fileEncoding = 4; lastKnownFileType = sourcecode.swift; path = StatefulViewModel.swift; sourceTree = "<group>"; };
		C26627052AA2B5A200F4E3F2 /* CoinSocketAPIJSON.swift */ = {isa = PBXFileReference; lastKnownFileType = sourcecode.swift; path = CoinSocketAPIJSON.swift; sourceTree = "<group>"; };
		C26627072AA2B61E00F4E3F2 /* BaseViewModel.swift */ = {isa = PBXFileReference; lastKnownFileType = sourcecode.swift; path = BaseViewModel.swift; sourceTree = "<group>"; };
		C26627092AA2BB4900F4E3F2 /* CoinListingRow.swift */ = {isa = PBXFileReference; lastKnownFileType = sourcecode.swift; path = CoinListingRow.swift; sourceTree = "<group>"; };
		C266270D2AA2BF4000F4E3F2 /* CoinListingRowViewModel.swift */ = {isa = PBXFileReference; lastKnownFileType = sourcecode.swift; path = CoinListingRowViewModel.swift; sourceTree = "<group>"; };
		C266270F2AA2D2EB00F4E3F2 /* SocketAPIClient.swift */ = {isa = PBXFileReference; lastKnownFileType = sourcecode.swift; path = SocketAPIClient.swift; sourceTree = "<group>"; };
		C26627112AA2D30A00F4E3F2 /* APIResponse.swift */ = {isa = PBXFileReference; lastKnownFileType = sourcecode.swift; path = APIResponse.swift; sourceTree = "<group>"; };
		C26627132AA2D41800F4E3F2 /* CoinStore.swift */ = {isa = PBXFileReference; lastKnownFileType = sourcecode.swift; path = CoinStore.swift; sourceTree = "<group>"; };
		C26627152AA2D46900F4E3F2 /* BaseStore.swift */ = {isa = PBXFileReference; lastKnownFileType = sourcecode.swift; path = BaseStore.swift; sourceTree = "<group>"; };
		C26627172AA2D48300F4E3F2 /* AppConstant.swift */ = {isa = PBXFileReference; lastKnownFileType = sourcecode.swift; path = AppConstant.swift; sourceTree = "<group>"; };
		C26627192AA2D76C00F4E3F2 /* Coin.swift */ = {isa = PBXFileReference; lastKnownFileType = sourcecode.swift; path = Coin.swift; sourceTree = "<group>"; };
		C266271B2AA2D7C000F4E3F2 /* CoinSocketAPIClient.swift */ = {isa = PBXFileReference; lastKnownFileType = sourcecode.swift; path = CoinSocketAPIClient.swift; sourceTree = "<group>"; };
		C266271D2AA2DC0700F4E3F2 /* AppError.swift */ = {isa = PBXFileReference; lastKnownFileType = sourcecode.swift; path = AppError.swift; sourceTree = "<group>"; };
		C266271F2AA2E20400F4E3F2 /* SocketCommand.swift */ = {isa = PBXFileReference; lastKnownFileType = sourcecode.swift; path = SocketCommand.swift; sourceTree = "<group>"; };
		C2E217302AA330CE00E69F74 /* Operation.swift */ = {isa = PBXFileReference; lastKnownFileType = sourcecode.swift; path = Operation.swift; sourceTree = "<group>"; };
		C2E217362AA41AA400E69F74 /* MainView.swift */ = {isa = PBXFileReference; lastKnownFileType = sourcecode.swift; path = MainView.swift; sourceTree = "<group>"; };
		C2E217382AA41AC900E69F74 /* UserFlowCoordinator.swift */ = {isa = PBXFileReference; lastKnownFileType = sourcecode.swift; path = UserFlowCoordinator.swift; sourceTree = "<group>"; };
		C2E2173A2AA41ADF00E69F74 /* CoinListingFlowCoordinator.swift */ = {isa = PBXFileReference; lastKnownFileType = sourcecode.swift; path = CoinListingFlowCoordinator.swift; sourceTree = "<group>"; };
		C2E2173C2AA41B3400E69F74 /* BaseCoordinator.swift */ = {isa = PBXFileReference; lastKnownFileType = sourcecode.swift; path = BaseCoordinator.swift; sourceTree = "<group>"; };
		C2E2173E2AA42B0100E69F74 /* CoinDetailView.swift */ = {isa = PBXFileReference; lastKnownFileType = sourcecode.swift; path = CoinDetailView.swift; sourceTree = "<group>"; };
/* End PBXFileReference section */

/* Begin PBXFrameworksBuildPhase section */
		C26626ED2AA2B55000F4E3F2 /* Frameworks */ = {
			isa = PBXFrameworksBuildPhase;
			buildActionMask = 2147483647;
			files = (
			);
			runOnlyForDeploymentPostprocessing = 0;
		};
/* End PBXFrameworksBuildPhase section */

/* Begin PBXGroup section */
		C264D4202AA448BE00281A2E /* CoinListing */ = {
			isa = PBXGroup;
			children = (
				C2E2173A2AA41ADF00E69F74 /* CoinListingFlowCoordinator.swift */,
				C26626F52AA2B55000F4E3F2 /* CoinListingView.swift */,
				C26627012AA2B56000F4E3F2 /* CoinListingViewModel.swift */,
				C26627092AA2BB4900F4E3F2 /* CoinListingRow.swift */,
				C266270D2AA2BF4000F4E3F2 /* CoinListingRowViewModel.swift */,
			);
			path = CoinListing;
			sourceTree = "<group>";
		};
		C26626E72AA2B55000F4E3F2 = {
			isa = PBXGroup;
			children = (
				C26626F22AA2B55000F4E3F2 /* Playground-SwiftUI */,
				C26626F12AA2B55000F4E3F2 /* Products */,
			);
			sourceTree = "<group>";
		};
		C26626F12AA2B55000F4E3F2 /* Products */ = {
			isa = PBXGroup;
			children = (
				C26626F02AA2B55000F4E3F2 /* Playground-SwiftUI.app */,
			);
			name = Products;
			sourceTree = "<group>";
		};
		C26626F22AA2B55000F4E3F2 /* Playground-SwiftUI */ = {
			isa = PBXGroup;
			children = (
				C26626F32AA2B55000F4E3F2 /* Playground_SwiftUIApp.swift */,
				C237378E2AB7075F0060641C /* AppCoordinator.swift */,
				C2E217362AA41AA400E69F74 /* MainView.swift */,
				C264D4202AA448BE00281A2E /* CoinListing */,
				C2E217382AA41AC900E69F74 /* UserFlowCoordinator.swift */,
				C264D41E2AA439CF00281A2E /* CoinDetailCoordinator.swift */,
				C2E2173E2AA42B0100E69F74 /* CoinDetailView.swift */,
				C26627032AA2B58C00F4E3F2 /* StatefulViewModel.swift */,
				C26627072AA2B61E00F4E3F2 /* BaseViewModel.swift */,
				C2E2173C2AA41B3400E69F74 /* BaseCoordinator.swift */,
				C26627132AA2D41800F4E3F2 /* CoinStore.swift */,
				C26627152AA2D46900F4E3F2 /* BaseStore.swift */,
				C266270F2AA2D2EB00F4E3F2 /* SocketAPIClient.swift */,
				C266271B2AA2D7C000F4E3F2 /* CoinSocketAPIClient.swift */,
				C2E217302AA330CE00E69F74 /* Operation.swift */,
				C26627172AA2D48300F4E3F2 /* AppConstant.swift */,
				C26627112AA2D30A00F4E3F2 /* APIResponse.swift */,
				C266271D2AA2DC0700F4E3F2 /* AppError.swift */,
				C26626F72AA2B55100F4E3F2 /* Assets.xcassets */,
				C26627052AA2B5A200F4E3F2 /* CoinSocketAPIJSON.swift */,
				C266271F2AA2E20400F4E3F2 /* SocketCommand.swift */,
				C26627192AA2D76C00F4E3F2 /* Coin.swift */,
				C26626F92AA2B55100F4E3F2 /* Preview Content */,
			);
			path = "Playground-SwiftUI";
			sourceTree = "<group>";
		};
		C26626F92AA2B55100F4E3F2 /* Preview Content */ = {
			isa = PBXGroup;
			children = (
				C26626FA2AA2B55100F4E3F2 /* Preview Assets.xcassets */,
			);
			path = "Preview Content";
			sourceTree = "<group>";
		};
/* End PBXGroup section */

/* Begin PBXNativeTarget section */
		C26626EF2AA2B55000F4E3F2 /* Playground-SwiftUI */ = {
			isa = PBXNativeTarget;
			buildConfigurationList = C26626FE2AA2B55100F4E3F2 /* Build configuration list for PBXNativeTarget "Playground-SwiftUI" */;
			buildPhases = (
				C26626EC2AA2B55000F4E3F2 /* Sources */,
				C26626ED2AA2B55000F4E3F2 /* Frameworks */,
				C26626EE2AA2B55000F4E3F2 /* Resources */,
			);
			buildRules = (
			);
			dependencies = (
			);
			name = "Playground-SwiftUI";
			productName = "Playground-SwiftUI";
			productReference = C26626F02AA2B55000F4E3F2 /* Playground-SwiftUI.app */;
			productType = "com.apple.product-type.application";
		};
/* End PBXNativeTarget section */

/* Begin PBXProject section */
		C26626E82AA2B55000F4E3F2 /* Project object */ = {
			isa = PBXProject;
			attributes = {
				BuildIndependentTargetsInParallel = 1;
				LastSwiftUpdateCheck = 1430;
				LastUpgradeCheck = 1430;
				TargetAttributes = {
					C26626EF2AA2B55000F4E3F2 = {
						CreatedOnToolsVersion = 14.3;
					};
				};
			};
			buildConfigurationList = C26626EB2AA2B55000F4E3F2 /* Build configuration list for PBXProject "Playground-SwiftUI" */;
			compatibilityVersion = "Xcode 14.0";
			developmentRegion = en;
			hasScannedForEncodings = 0;
			knownRegions = (
				en,
				Base,
			);
			mainGroup = C26626E72AA2B55000F4E3F2;
			productRefGroup = C26626F12AA2B55000F4E3F2 /* Products */;
			projectDirPath = "";
			projectRoot = "";
			targets = (
				C26626EF2AA2B55000F4E3F2 /* Playground-SwiftUI */,
			);
		};
/* End PBXProject section */

/* Begin PBXResourcesBuildPhase section */
		C26626EE2AA2B55000F4E3F2 /* Resources */ = {
			isa = PBXResourcesBuildPhase;
			buildActionMask = 2147483647;
			files = (
				C26626FB2AA2B55100F4E3F2 /* Preview Assets.xcassets in Resources */,
				C26626F82AA2B55100F4E3F2 /* Assets.xcassets in Resources */,
			);
			runOnlyForDeploymentPostprocessing = 0;
		};
/* End PBXResourcesBuildPhase section */

/* Begin PBXSourcesBuildPhase section */
		C26626EC2AA2B55000F4E3F2 /* Sources */ = {
			isa = PBXSourcesBuildPhase;
			buildActionMask = 2147483647;
			files = (
				C266271C2AA2D7C000F4E3F2 /* CoinSocketAPIClient.swift in Sources */,
				C26626F62AA2B55000F4E3F2 /* CoinListingView.swift in Sources */,
				C26626F42AA2B55000F4E3F2 /* Playground_SwiftUIApp.swift in Sources */,
				C26627162AA2D46900F4E3F2 /* BaseStore.swift in Sources */,
				C266271E2AA2DC0700F4E3F2 /* AppError.swift in Sources */,
				C2E217312AA330CE00E69F74 /* Operation.swift in Sources */,
				C2E2173B2AA41ADF00E69F74 /* CoinListingFlowCoordinator.swift in Sources */,
				C2E2173D2AA41B3400E69F74 /* BaseCoordinator.swift in Sources */,
				C2E2173F2AA42B0100E69F74 /* CoinDetailView.swift in Sources */,
				C266270E2AA2BF4000F4E3F2 /* CoinListingRowViewModel.swift in Sources */,
				C264D41F2AA439CF00281A2E /* CoinDetailCoordinator.swift in Sources */,
				C26627142AA2D41800F4E3F2 /* CoinStore.swift in Sources */,
				C2E217392AA41AC900E69F74 /* UserFlowCoordinator.swift in Sources */,
				C266270A2AA2BB4900F4E3F2 /* CoinListingRow.swift in Sources */,
				C266271A2AA2D76C00F4E3F2 /* Coin.swift in Sources */,
				C26627042AA2B58C00F4E3F2 /* StatefulViewModel.swift in Sources */,
				C26627122AA2D30A00F4E3F2 /* APIResponse.swift in Sources */,
				C26627202AA2E20400F4E3F2 /* SocketCommand.swift in Sources */,
				C2E217372AA41AA400E69F74 /* MainView.swift in Sources */,
				C26627022AA2B56000F4E3F2 /* CoinListingViewModel.swift in Sources */,
				C26627062AA2B5A200F4E3F2 /* CoinSocketAPIJSON.swift in Sources */,
				C26627182AA2D48300F4E3F2 /* AppConstant.swift in Sources */,
				C237378F2AB7075F0060641C /* AppCoordinator.swift in Sources */,
				C26627082AA2B61E00F4E3F2 /* BaseViewModel.swift in Sources */,
				C26627102AA2D2EB00F4E3F2 /* SocketAPIClient.swift in Sources */,
			);
			runOnlyForDeploymentPostprocessing = 0;
		};
/* End PBXSourcesBuildPhase section */

/* Begin XCBuildConfiguration section */
		C26626FC2AA2B55100F4E3F2 /* Debug */ = {
			isa = XCBuildConfiguration;
			buildSettings = {
				ALWAYS_SEARCH_USER_PATHS = NO;
				CLANG_ANALYZER_NONNULL = YES;
				CLANG_ANALYZER_NUMBER_OBJECT_CONVERSION = YES_AGGRESSIVE;
				CLANG_CXX_LANGUAGE_STANDARD = "gnu++20";
				CLANG_ENABLE_MODULES = YES;
				CLANG_ENABLE_OBJC_ARC = YES;
				CLANG_ENABLE_OBJC_WEAK = YES;
				CLANG_WARN_BLOCK_CAPTURE_AUTORELEASING = YES;
				CLANG_WARN_BOOL_CONVERSION = YES;
				CLANG_WARN_COMMA = YES;
				CLANG_WARN_CONSTANT_CONVERSION = YES;
				CLANG_WARN_DEPRECATED_OBJC_IMPLEMENTATIONS = YES;
				CLANG_WARN_DIRECT_OBJC_ISA_USAGE = YES_ERROR;
				CLANG_WARN_DOCUMENTATION_COMMENTS = YES;
				CLANG_WARN_EMPTY_BODY = YES;
				CLANG_WARN_ENUM_CONVERSION = YES;
				CLANG_WARN_INFINITE_RECURSION = YES;
				CLANG_WARN_INT_CONVERSION = YES;
				CLANG_WARN_NON_LITERAL_NULL_CONVERSION = YES;
				CLANG_WARN_OBJC_IMPLICIT_RETAIN_SELF = YES;
				CLANG_WARN_OBJC_LITERAL_CONVERSION = YES;
				CLANG_WARN_OBJC_ROOT_CLASS = YES_ERROR;
				CLANG_WARN_QUOTED_INCLUDE_IN_FRAMEWORK_HEADER = YES;
				CLANG_WARN_RANGE_LOOP_ANALYSIS = YES;
				CLANG_WARN_STRICT_PROTOTYPES = YES;
				CLANG_WARN_SUSPICIOUS_MOVE = YES;
				CLANG_WARN_UNGUARDED_AVAILABILITY = YES_AGGRESSIVE;
				CLANG_WARN_UNREACHABLE_CODE = YES;
				CLANG_WARN__DUPLICATE_METHOD_MATCH = YES;
				COPY_PHASE_STRIP = NO;
				DEBUG_INFORMATION_FORMAT = dwarf;
				ENABLE_STRICT_OBJC_MSGSEND = YES;
				ENABLE_TESTABILITY = YES;
				GCC_C_LANGUAGE_STANDARD = gnu11;
				GCC_DYNAMIC_NO_PIC = NO;
				GCC_NO_COMMON_BLOCKS = YES;
				GCC_OPTIMIZATION_LEVEL = 0;
				GCC_PREPROCESSOR_DEFINITIONS = (
					"DEBUG=1",
					"$(inherited)",
				);
				GCC_WARN_64_TO_32_BIT_CONVERSION = YES;
				GCC_WARN_ABOUT_RETURN_TYPE = YES_ERROR;
				GCC_WARN_UNDECLARED_SELECTOR = YES;
				GCC_WARN_UNINITIALIZED_AUTOS = YES_AGGRESSIVE;
				GCC_WARN_UNUSED_FUNCTION = YES;
				GCC_WARN_UNUSED_VARIABLE = YES;
				IPHONEOS_DEPLOYMENT_TARGET = 16.4;
				MTL_ENABLE_DEBUG_INFO = INCLUDE_SOURCE;
				MTL_FAST_MATH = YES;
				ONLY_ACTIVE_ARCH = YES;
				SDKROOT = iphoneos;
				SWIFT_ACTIVE_COMPILATION_CONDITIONS = DEBUG;
				SWIFT_OPTIMIZATION_LEVEL = "-Onone";
			};
			name = Debug;
		};
		C26626FD2AA2B55100F4E3F2 /* Release */ = {
			isa = XCBuildConfiguration;
			buildSettings = {
				ALWAYS_SEARCH_USER_PATHS = NO;
				CLANG_ANALYZER_NONNULL = YES;
				CLANG_ANALYZER_NUMBER_OBJECT_CONVERSION = YES_AGGRESSIVE;
				CLANG_CXX_LANGUAGE_STANDARD = "gnu++20";
				CLANG_ENABLE_MODULES = YES;
				CLANG_ENABLE_OBJC_ARC = YES;
				CLANG_ENABLE_OBJC_WEAK = YES;
				CLANG_WARN_BLOCK_CAPTURE_AUTORELEASING = YES;
				CLANG_WARN_BOOL_CONVERSION = YES;
				CLANG_WARN_COMMA = YES;
				CLANG_WARN_CONSTANT_CONVERSION = YES;
				CLANG_WARN_DEPRECATED_OBJC_IMPLEMENTATIONS = YES;
				CLANG_WARN_DIRECT_OBJC_ISA_USAGE = YES_ERROR;
				CLANG_WARN_DOCUMENTATION_COMMENTS = YES;
				CLANG_WARN_EMPTY_BODY = YES;
				CLANG_WARN_ENUM_CONVERSION = YES;
				CLANG_WARN_INFINITE_RECURSION = YES;
				CLANG_WARN_INT_CONVERSION = YES;
				CLANG_WARN_NON_LITERAL_NULL_CONVERSION = YES;
				CLANG_WARN_OBJC_IMPLICIT_RETAIN_SELF = YES;
				CLANG_WARN_OBJC_LITERAL_CONVERSION = YES;
				CLANG_WARN_OBJC_ROOT_CLASS = YES_ERROR;
				CLANG_WARN_QUOTED_INCLUDE_IN_FRAMEWORK_HEADER = YES;
				CLANG_WARN_RANGE_LOOP_ANALYSIS = YES;
				CLANG_WARN_STRICT_PROTOTYPES = YES;
				CLANG_WARN_SUSPICIOUS_MOVE = YES;
				CLANG_WARN_UNGUARDED_AVAILABILITY = YES_AGGRESSIVE;
				CLANG_WARN_UNREACHABLE_CODE = YES;
				CLANG_WARN__DUPLICATE_METHOD_MATCH = YES;
				COPY_PHASE_STRIP = NO;
				DEBUG_INFORMATION_FORMAT = "dwarf-with-dsym";
				ENABLE_NS_ASSERTIONS = NO;
				ENABLE_STRICT_OBJC_MSGSEND = YES;
				GCC_C_LANGUAGE_STANDARD = gnu11;
				GCC_NO_COMMON_BLOCKS = YES;
				GCC_WARN_64_TO_32_BIT_CONVERSION = YES;
				GCC_WARN_ABOUT_RETURN_TYPE = YES_ERROR;
				GCC_WARN_UNDECLARED_SELECTOR = YES;
				GCC_WARN_UNINITIALIZED_AUTOS = YES_AGGRESSIVE;
				GCC_WARN_UNUSED_FUNCTION = YES;
				GCC_WARN_UNUSED_VARIABLE = YES;
				IPHONEOS_DEPLOYMENT_TARGET = 16.4;
				MTL_ENABLE_DEBUG_INFO = NO;
				MTL_FAST_MATH = YES;
				SDKROOT = iphoneos;
				SWIFT_COMPILATION_MODE = wholemodule;
				SWIFT_OPTIMIZATION_LEVEL = "-O";
				VALIDATE_PRODUCT = YES;
			};
			name = Release;
		};
		C26626FF2AA2B55100F4E3F2 /* Debug */ = {
			isa = XCBuildConfiguration;
			buildSettings = {
				ASSETCATALOG_COMPILER_APPICON_NAME = AppIcon;
				ASSETCATALOG_COMPILER_GLOBAL_ACCENT_COLOR_NAME = AccentColor;
				CODE_SIGN_STYLE = Automatic;
				CURRENT_PROJECT_VERSION = 1;
				DEVELOPMENT_ASSET_PATHS = "\"Playground-SwiftUI/Preview Content\"";
				DEVELOPMENT_TEAM = 7YFC525745;
				ENABLE_PREVIEWS = YES;
				GENERATE_INFOPLIST_FILE = YES;
				INFOPLIST_KEY_UIApplicationSceneManifest_Generation = YES;
				INFOPLIST_KEY_UIApplicationSupportsIndirectInputEvents = YES;
				INFOPLIST_KEY_UILaunchScreen_Generation = YES;
				INFOPLIST_KEY_UISupportedInterfaceOrientations = UIInterfaceOrientationPortrait;
				INFOPLIST_KEY_UISupportedInterfaceOrientations_iPad = "UIInterfaceOrientationLandscapeLeft UIInterfaceOrientationLandscapeRight UIInterfaceOrientationPortrait UIInterfaceOrientationPortraitUpsideDown";
				IPHONEOS_DEPLOYMENT_TARGET = 16.0;
				LD_RUNPATH_SEARCH_PATHS = (
					"$(inherited)",
					"@executable_path/Frameworks",
				);
				MARKETING_VERSION = 1.0;
				PRODUCT_BUNDLE_IDENTIFIER = "com.shawn.playground.Playground-SwiftUI";
				PRODUCT_NAME = "$(TARGET_NAME)";
				SWIFT_EMIT_LOC_STRINGS = YES;
				SWIFT_VERSION = 5.0;
				TARGETED_DEVICE_FAMILY = "1,2";
			};
			name = Debug;
		};
		C26627002AA2B55100F4E3F2 /* Release */ = {
			isa = XCBuildConfiguration;
			buildSettings = {
				ASSETCATALOG_COMPILER_APPICON_NAME = AppIcon;
				ASSETCATALOG_COMPILER_GLOBAL_ACCENT_COLOR_NAME = AccentColor;
				CODE_SIGN_STYLE = Automatic;
				CURRENT_PROJECT_VERSION = 1;
				DEVELOPMENT_ASSET_PATHS = "\"Playground-SwiftUI/Preview Content\"";
				DEVELOPMENT_TEAM = 7YFC525745;
				ENABLE_PREVIEWS = YES;
				GENERATE_INFOPLIST_FILE = YES;
				INFOPLIST_KEY_UIApplicationSceneManifest_Generation = YES;
				INFOPLIST_KEY_UIApplicationSupportsIndirectInputEvents = YES;
				INFOPLIST_KEY_UILaunchScreen_Generation = YES;
				INFOPLIST_KEY_UISupportedInterfaceOrientations = UIInterfaceOrientationPortrait;
				INFOPLIST_KEY_UISupportedInterfaceOrientations_iPad = "UIInterfaceOrientationLandscapeLeft UIInterfaceOrientationLandscapeRight UIInterfaceOrientationPortrait UIInterfaceOrientationPortraitUpsideDown";
				IPHONEOS_DEPLOYMENT_TARGET = 16.0;
				LD_RUNPATH_SEARCH_PATHS = (
					"$(inherited)",
					"@executable_path/Frameworks",
				);
				MARKETING_VERSION = 1.0;
				PRODUCT_BUNDLE_IDENTIFIER = "com.shawn.playground.Playground-SwiftUI";
				PRODUCT_NAME = "$(TARGET_NAME)";
				SWIFT_EMIT_LOC_STRINGS = YES;
				SWIFT_VERSION = 5.0;
				TARGETED_DEVICE_FAMILY = "1,2";
			};
			name = Release;
		};
/* End XCBuildConfiguration section */

/* Begin XCConfigurationList section */
		C26626EB2AA2B55000F4E3F2 /* Build configuration list for PBXProject "Playground-SwiftUI" */ = {
			isa = XCConfigurationList;
			buildConfigurations = (
				C26626FC2AA2B55100F4E3F2 /* Debug */,
				C26626FD2AA2B55100F4E3F2 /* Release */,
			);
			defaultConfigurationIsVisible = 0;
			defaultConfigurationName = Release;
		};
		C26626FE2AA2B55100F4E3F2 /* Build configuration list for PBXNativeTarget "Playground-SwiftUI" */ = {
			isa = XCConfigurationList;
			buildConfigurations = (
				C26626FF2AA2B55100F4E3F2 /* Debug */,
				C26627002AA2B55100F4E3F2 /* Release */,
			);
			defaultConfigurationIsVisible = 0;
			defaultConfigurationName = Release;
		};
/* End XCConfigurationList section */
	};
	rootObject = C26626E82AA2B55000F4E3F2 /* Project object */;
}
